// !$*UTF8*$!
{
	archiveVersion = 1;
	classes = {
	};
	objectVersion = 48;
	objects = {

/* Begin PBXBuildFile section */
		834273041F649216001694AB /* AppDelegate.swift in Sources */ = {isa = PBXBuildFile; fileRef = 834273031F649216001694AB /* AppDelegate.swift */; };
		834273061F649216001694AB /* ViewController.swift in Sources */ = {isa = PBXBuildFile; fileRef = 834273051F649216001694AB /* ViewController.swift */; };
		834273091F649216001694AB /* Main.storyboard in Resources */ = {isa = PBXBuildFile; fileRef = 834273071F649216001694AB /* Main.storyboard */; };
		8342730B1F649216001694AB /* Assets.xcassets in Resources */ = {isa = PBXBuildFile; fileRef = 8342730A1F649216001694AB /* Assets.xcassets */; };
		8342730E1F649216001694AB /* LaunchScreen.storyboard in Resources */ = {isa = PBXBuildFile; fileRef = 8342730C1F649216001694AB /* LaunchScreen.storyboard */; };
		9DB610A7730F12AEDC40E5F9 /* Pods_TrashPanda.framework in Frameworks */ = {isa = PBXBuildFile; fileRef = 6F7B586F7C99B7E13A4DEF73 /* Pods_TrashPanda.framework */; };
		B55EF64B1F64CAB0003CDA98 /* TableViewController.swift in Sources */ = {isa = PBXBuildFile; fileRef = B55EF64A1F64CAB0003CDA98 /* TableViewController.swift */; };
/* End PBXBuildFile section */

/* Begin PBXFileReference section */
		0B50711384AD8C7F09E530A7 /* Pods-TrashPanda.debug.xcconfig */ = {isa = PBXFileReference; includeInIndex = 1; lastKnownFileType = text.xcconfig; name = "Pods-TrashPanda.debug.xcconfig"; path = "Pods/Target Support Files/Pods-TrashPanda/Pods-TrashPanda.debug.xcconfig"; sourceTree = "<group>"; };
		6F7B586F7C99B7E13A4DEF73 /* Pods_TrashPanda.framework */ = {isa = PBXFileReference; explicitFileType = wrapper.framework; includeInIndex = 0; path = Pods_TrashPanda.framework; sourceTree = BUILT_PRODUCTS_DIR; };
		834273001F649216001694AB /* TrashPanda.app */ = {isa = PBXFileReference; explicitFileType = wrapper.application; includeInIndex = 0; path = TrashPanda.app; sourceTree = BUILT_PRODUCTS_DIR; };
		834273031F649216001694AB /* AppDelegate.swift */ = {isa = PBXFileReference; lastKnownFileType = sourcecode.swift; path = AppDelegate.swift; sourceTree = "<group>"; };
		834273051F649216001694AB /* ViewController.swift */ = {isa = PBXFileReference; lastKnownFileType = sourcecode.swift; path = ViewController.swift; sourceTree = "<group>"; };
		834273081F649216001694AB /* Base */ = {isa = PBXFileReference; lastKnownFileType = file.storyboard; name = Base; path = Base.lproj/Main.storyboard; sourceTree = "<group>"; };
		8342730A1F649216001694AB /* Assets.xcassets */ = {isa = PBXFileReference; lastKnownFileType = folder.assetcatalog; path = Assets.xcassets; sourceTree = "<group>"; };
		8342730D1F649216001694AB /* Base */ = {isa = PBXFileReference; lastKnownFileType = file.storyboard; name = Base; path = Base.lproj/LaunchScreen.storyboard; sourceTree = "<group>"; };
		8342730F1F649216001694AB /* Info.plist */ = {isa = PBXFileReference; lastKnownFileType = text.plist.xml; path = Info.plist; sourceTree = "<group>"; };
		B55EF64A1F64CAB0003CDA98 /* TableViewController.swift */ = {isa = PBXFileReference; lastKnownFileType = sourcecode.swift; path = TableViewController.swift; sourceTree = "<group>"; };
		FB766B02A08EFDB4CB52B652 /* Pods-TrashPanda.release.xcconfig */ = {isa = PBXFileReference; includeInIndex = 1; lastKnownFileType = text.xcconfig; name = "Pods-TrashPanda.release.xcconfig"; path = "Pods/Target Support Files/Pods-TrashPanda/Pods-TrashPanda.release.xcconfig"; sourceTree = "<group>"; };
/* End PBXFileReference section */

/* Begin PBXFrameworksBuildPhase section */
		834272FD1F649216001694AB /* Frameworks */ = {
			isa = PBXFrameworksBuildPhase;
			buildActionMask = 2147483647;
			files = (
				9DB610A7730F12AEDC40E5F9 /* Pods_TrashPanda.framework in Frameworks */,
			);
			runOnlyForDeploymentPostprocessing = 0;
		};
/* End PBXFrameworksBuildPhase section */

/* Begin PBXGroup section */
		3555C3083E6B945EC63C6623 /* Pods */ = {
			isa = PBXGroup;
			children = (
				0B50711384AD8C7F09E530A7 /* Pods-TrashPanda.debug.xcconfig */,
				FB766B02A08EFDB4CB52B652 /* Pods-TrashPanda.release.xcconfig */,
			);
			name = Pods;
			sourceTree = "<group>";
		};
		834272F71F649216001694AB = {
			isa = PBXGroup;
			children = (
				834273021F649216001694AB /* TrashPanda */,
				834273011F649216001694AB /* Products */,
				3555C3083E6B945EC63C6623 /* Pods */,
				EA1ADF22CB000442CFB68B36 /* Frameworks */,
			);
			sourceTree = "<group>";
		};
		834273011F649216001694AB /* Products */ = {
			isa = PBXGroup;
			children = (
				834273001F649216001694AB /* TrashPanda.app */,
			);
			name = Products;
			sourceTree = "<group>";
		};
		834273021F649216001694AB /* TrashPanda */ = {
			isa = PBXGroup;
			children = (
				834273031F649216001694AB /* AppDelegate.swift */,
				834273051F649216001694AB /* ViewController.swift */,
				834273071F649216001694AB /* Main.storyboard */,
				8342730A1F649216001694AB /* Assets.xcassets */,
				8342730C1F649216001694AB /* LaunchScreen.storyboard */,
				8342730F1F649216001694AB /* Info.plist */,
				B55EF64A1F64CAB0003CDA98 /* TableViewController.swift */,
			);
			path = TrashPanda;
			sourceTree = "<group>";
		};
		EA1ADF22CB000442CFB68B36 /* Frameworks */ = {
			isa = PBXGroup;
			children = (
				6F7B586F7C99B7E13A4DEF73 /* Pods_TrashPanda.framework */,
			);
			name = Frameworks;
			sourceTree = "<group>";
		};
/* End PBXGroup section */

/* Begin PBXNativeTarget section */
		834272FF1F649216001694AB /* TrashPanda */ = {
			isa = PBXNativeTarget;
			buildConfigurationList = 834273121F649216001694AB /* Build configuration list for PBXNativeTarget "TrashPanda" */;
			buildPhases = (
				7C4C2BED53A8910FA26CC299 /* [CP] Check Pods Manifest.lock */,
				834272FC1F649216001694AB /* Sources */,
				834272FD1F649216001694AB /* Frameworks */,
				834272FE1F649216001694AB /* Resources */,
				9CC401BF4E173988321DA2ED /* [CP] Embed Pods Frameworks */,
				BC24683D36E54259CA0AD6F9 /* [CP] Copy Pods Resources */,
			);
			buildRules = (
			);
			dependencies = (
			);
			name = TrashPanda;
			productName = TrashPanda;
			productReference = 834273001F649216001694AB /* TrashPanda.app */;
			productType = "com.apple.product-type.application";
		};
/* End PBXNativeTarget section */

/* Begin PBXProject section */
		834272F81F649216001694AB /* Project object */ = {
			isa = PBXProject;
			attributes = {
				LastSwiftUpdateCheck = 0900;
				LastUpgradeCheck = 0900;
				ORGANIZATIONNAME = jdidat;
				TargetAttributes = {
					834272FF1F649216001694AB = {
						CreatedOnToolsVersion = 9.0;
						ProvisioningStyle = Automatic;
					};
				};
			};
			buildConfigurationList = 834272FB1F649216001694AB /* Build configuration list for PBXProject "TrashPanda" */;
			compatibilityVersion = "Xcode 8.0";
			developmentRegion = en;
			hasScannedForEncodings = 0;
			knownRegions = (
				en,
				Base,
			);
			mainGroup = 834272F71F649216001694AB;
			productRefGroup = 834273011F649216001694AB /* Products */;
			projectDirPath = "";
			projectRoot = "";
			targets = (
				834272FF1F649216001694AB /* TrashPanda */,
			);
		};
/* End PBXProject section */

/* Begin PBXResourcesBuildPhase section */
		834272FE1F649216001694AB /* Resources */ = {
			isa = PBXResourcesBuildPhase;
			buildActionMask = 2147483647;
			files = (
				8342730E1F649216001694AB /* LaunchScreen.storyboard in Resources */,
				8342730B1F649216001694AB /* Assets.xcassets in Resources */,
				834273091F649216001694AB /* Main.storyboard in Resources */,
			);
			runOnlyForDeploymentPostprocessing = 0;
		};
/* End PBXResourcesBuildPhase section */

/* Begin PBXShellScriptBuildPhase section */
		7C4C2BED53A8910FA26CC299 /* [CP] Check Pods Manifest.lock */ = {
			isa = PBXShellScriptBuildPhase;
			buildActionMask = 2147483647;
			files = (
			);
			inputPaths = (
				"${PODS_PODFILE_DIR_PATH}/Podfile.lock",
				"${PODS_ROOT}/Manifest.lock",
			);
			name = "[CP] Check Pods Manifest.lock";
			outputPaths = (
				"$(DERIVED_FILE_DIR)/Pods-TrashPanda-checkManifestLockResult.txt",
			);
			runOnlyForDeploymentPostprocessing = 0;
			shellPath = /bin/sh;
			shellScript = "diff \"${PODS_PODFILE_DIR_PATH}/Podfile.lock\" \"${PODS_ROOT}/Manifest.lock\" > /dev/null\nif [ $? != 0 ] ; then\n    # print error to STDERR\n    echo \"error: The sandbox is not in sync with the Podfile.lock. Run 'pod install' or update your CocoaPods installation.\" >&2\n    exit 1\nfi\n# This output is used by Xcode 'outputs' to avoid re-running this script phase.\necho \"SUCCESS\" > \"${SCRIPT_OUTPUT_FILE_0}\"\n";
			showEnvVarsInLog = 0;
		};
		9CC401BF4E173988321DA2ED /* [CP] Embed Pods Frameworks */ = {
			isa = PBXShellScriptBuildPhase;
			buildActionMask = 2147483647;
			files = (
			);
			inputPaths = (
			);
			name = "[CP] Embed Pods Frameworks";
			outputPaths = (
			);
			runOnlyForDeploymentPostprocessing = 0;
			shellPath = /bin/sh;
			shellScript = "\"${SRCROOT}/Pods/Target Support Files/Pods-TrashPanda/Pods-TrashPanda-frameworks.sh\"\n";
			showEnvVarsInLog = 0;
		};
		BC24683D36E54259CA0AD6F9 /* [CP] Copy Pods Resources */ = {
			isa = PBXShellScriptBuildPhase;
			buildActionMask = 2147483647;
			files = (
			);
			inputPaths = (
			);
			name = "[CP] Copy Pods Resources";
			outputPaths = (
			);
			runOnlyForDeploymentPostprocessing = 0;
			shellPath = /bin/sh;
			shellScript = "\"${SRCROOT}/Pods/Target Support Files/Pods-TrashPanda/Pods-TrashPanda-resources.sh\"\n";
			showEnvVarsInLog = 0;
		};
/* End PBXShellScriptBuildPhase section */

/* Begin PBXSourcesBuildPhase section */
		834272FC1F649216001694AB /* Sources */ = {
			isa = PBXSourcesBuildPhase;
			buildActionMask = 2147483647;
			files = (
				834273061F649216001694AB /* ViewController.swift in Sources */,
				B55EF64B1F64CAB0003CDA98 /* TableViewController.swift in Sources */,
				834273041F649216001694AB /* AppDelegate.swift in Sources */,
			);
			runOnlyForDeploymentPostprocessing = 0;
		};
/* End PBXSourcesBuildPhase section */

/* Begin PBXVariantGroup section */
		834273071F649216001694AB /* Main.storyboard */ = {
			isa = PBXVariantGroup;
			children = (
				834273081F649216001694AB /* Base */,
			);
			name = Main.storyboard;
			sourceTree = "<group>";
		};
		8342730C1F649216001694AB /* LaunchScreen.storyboard */ = {
			isa = PBXVariantGroup;
			children = (
				8342730D1F649216001694AB /* Base */,
			);
			name = LaunchScreen.storyboard;
			sourceTree = "<group>";
		};
/* End PBXVariantGroup section */

/* Begin XCBuildConfiguration section */
		834273101F649216001694AB /* Debug */ = {
			isa = XCBuildConfiguration;
			buildSettings = {
				ALWAYS_SEARCH_USER_PATHS = NO;
				CLANG_ANALYZER_NONNULL = YES;
				CLANG_ANALYZER_NUMBER_OBJECT_CONVERSION = YES_AGGRESSIVE;
				CLANG_CXX_LANGUAGE_STANDARD = "gnu++14";
				CLANG_CXX_LIBRARY = "libc++";
				CLANG_ENABLE_MODULES = YES;
				CLANG_ENABLE_OBJC_ARC = YES;
				CLANG_WARN_BLOCK_CAPTURE_AUTORELEASING = YES;
				CLANG_WARN_BOOL_CONVERSION = YES;
				CLANG_WARN_COMMA = YES;
				CLANG_WARN_CONSTANT_CONVERSION = YES;
				CLANG_WARN_DIRECT_OBJC_ISA_USAGE = YES_ERROR;
				CLANG_WARN_DOCUMENTATION_COMMENTS = YES;
				CLANG_WARN_EMPTY_BODY = YES;
				CLANG_WARN_ENUM_CONVERSION = YES;
				CLANG_WARN_INFINITE_RECURSION = YES;
				CLANG_WARN_INT_CONVERSION = YES;
				CLANG_WARN_NON_LITERAL_NULL_CONVERSION = YES;
				CLANG_WARN_OBJC_LITERAL_CONVERSION = YES;
				CLANG_WARN_OBJC_ROOT_CLASS = YES_ERROR;
				CLANG_WARN_RANGE_LOOP_ANALYSIS = YES;
				CLANG_WARN_STRICT_PROTOTYPES = YES;
				CLANG_WARN_SUSPICIOUS_MOVE = YES;
				CLANG_WARN_UNGUARDED_AVAILABILITY = YES_AGGRESSIVE;
				CLANG_WARN_UNREACHABLE_CODE = YES;
				CLANG_WARN__DUPLICATE_METHOD_MATCH = YES;
				CODE_SIGN_IDENTITY = "iPhone Developer";
				COPY_PHASE_STRIP = NO;
				DEBUG_INFORMATION_FORMAT = dwarf;
				ENABLE_STRICT_OBJC_MSGSEND = YES;
				ENABLE_TESTABILITY = YES;
				GCC_C_LANGUAGE_STANDARD = gnu11;
				GCC_DYNAMIC_NO_PIC = NO;
				GCC_NO_COMMON_BLOCKS = YES;
				GCC_OPTIMIZATION_LEVEL = 0;
				GCC_PREPROCESSOR_DEFINITIONS = (
					"DEBUG=1",
					"$(inherited)",
				);
				GCC_WARN_64_TO_32_BIT_CONVERSION = YES;
				GCC_WARN_ABOUT_RETURN_TYPE = YES_ERROR;
				GCC_WARN_UNDECLARED_SELECTOR = YES;
				GCC_WARN_UNINITIALIZED_AUTOS = YES_AGGRESSIVE;
				GCC_WARN_UNUSED_FUNCTION = YES;
				GCC_WARN_UNUSED_VARIABLE = YES;
				IPHONEOS_DEPLOYMENT_TARGET = 11.0;
				MTL_ENABLE_DEBUG_INFO = YES;
				ONLY_ACTIVE_ARCH = YES;
				SDKROOT = iphoneos;
				SWIFT_ACTIVE_COMPILATION_CONDITIONS = DEBUG;
				SWIFT_OPTIMIZATION_LEVEL = "-Onone";
			};
			name = Debug;
		};
		834273111F649216001694AB /* Release */ = {
			isa = XCBuildConfiguration;
			buildSettings = {
				ALWAYS_SEARCH_USER_PATHS = NO;
				CLANG_ANALYZER_NONNULL = YES;
				CLANG_ANALYZER_NUMBER_OBJECT_CONVERSION = YES_AGGRESSIVE;
				CLANG_CXX_LANGUAGE_STANDARD = "gnu++14";
				CLANG_CXX_LIBRARY = "libc++";
				CLANG_ENABLE_MODULES = YES;
				CLANG_ENABLE_OBJC_ARC = YES;
				CLANG_WARN_BLOCK_CAPTURE_AUTORELEASING = YES;
				CLANG_WARN_BOOL_CONVERSION = YES;
				CLANG_WARN_COMMA = YES;
				CLANG_WARN_CONSTANT_CONVERSION = YES;
				CLANG_WARN_DIRECT_OBJC_ISA_USAGE = YES_ERROR;
				CLANG_WARN_DOCUMENTATION_COMMENTS = YES;
				CLANG_WARN_EMPTY_BODY = YES;
				CLANG_WARN_ENUM_CONVERSION = YES;
				CLANG_WARN_INFINITE_RECURSION = YES;
				CLANG_WARN_INT_CONVERSION = YES;
				CLANG_WARN_NON_LITERAL_NULL_CONVERSION = YES;
				CLANG_WARN_OBJC_LITERAL_CONVERSION = YES;
				CLANG_WARN_OBJC_ROOT_CLASS = YES_ERROR;
				CLANG_WARN_RANGE_LOOP_ANALYSIS = YES;
				CLANG_WARN_STRICT_PROTOTYPES = YES;
				CLANG_WARN_SUSPICIOUS_MOVE = YES;
				CLANG_WARN_UNGUARDED_AVAILABILITY = YES_AGGRESSIVE;
				CLANG_WARN_UNREACHABLE_CODE = YES;
				CLANG_WARN__DUPLICATE_METHOD_MATCH = YES;
				CODE_SIGN_IDENTITY = "iPhone Developer";
				COPY_PHASE_STRIP = NO;
				DEBUG_INFORMATION_FORMAT = "dwarf-with-dsym";
				ENABLE_NS_ASSERTIONS = NO;
				ENABLE_STRICT_OBJC_MSGSEND = YES;
				GCC_C_LANGUAGE_STANDARD = gnu11;
				GCC_NO_COMMON_BLOCKS = YES;
				GCC_WARN_64_TO_32_BIT_CONVERSION = YES;
				GCC_WARN_ABOUT_RETURN_TYPE = YES_ERROR;
				GCC_WARN_UNDECLARED_SELECTOR = YES;
				GCC_WARN_UNINITIALIZED_AUTOS = YES_AGGRESSIVE;
				GCC_WARN_UNUSED_FUNCTION = YES;
				GCC_WARN_UNUSED_VARIABLE = YES;
				IPHONEOS_DEPLOYMENT_TARGET = 11.0;
				MTL_ENABLE_DEBUG_INFO = NO;
				SDKROOT = iphoneos;
				SWIFT_OPTIMIZATION_LEVEL = "-Owholemodule";
				VALIDATE_PRODUCT = YES;
			};
			name = Release;
		};
		834273131F649216001694AB /* Debug */ = {
			isa = XCBuildConfiguration;
			baseConfigurationReference = 0B50711384AD8C7F09E530A7 /* Pods-TrashPanda.debug.xcconfig */;
			buildSettings = {
				ASSETCATALOG_COMPILER_APPICON_NAME = AppIcon;
				CODE_SIGN_STYLE = Automatic;
				ENABLE_BITCODE = YES;
				INFOPLIST_FILE = TrashPanda/Info.plist;
				LD_RUNPATH_SEARCH_PATHS = "$(inherited) @executable_path/Frameworks";
				PRODUCT_BUNDLE_IDENTIFIER = com.jdidat.trashpanda;
				PRODUCT_NAME = "$(TARGET_NAME)";
				SWIFT_VERSION = 4.0;
				TARGETED_DEVICE_FAMILY = "1,2";
			};
			name = Debug;
		};
		834273141F649216001694AB /* Release */ = {
			isa = XCBuildConfiguration;
			baseConfigurationReference = FB766B02A08EFDB4CB52B652 /* Pods-TrashPanda.release.xcconfig */;
			buildSettings = {
				ASSETCATALOG_COMPILER_APPICON_NAME = AppIcon;
				CODE_SIGN_STYLE = Automatic;
				ENABLE_BITCODE = YES;
				INFOPLIST_FILE = TrashPanda/Info.plist;
				LD_RUNPATH_SEARCH_PATHS = "$(inherited) @executable_path/Frameworks";
				PRODUCT_BUNDLE_IDENTIFIER = com.jdidat.trashpanda;
				PRODUCT_NAME = "$(TARGET_NAME)";
				SWIFT_VERSION = 4.0;
				TARGETED_DEVICE_FAMILY = "1,2";
			};
			name = Release;
		};
/* End XCBuildConfiguration section */

/* Begin XCConfigurationList section */
		834272FB1F649216001694AB /* Build configuration list for PBXProject "TrashPanda" */ = {
			isa = XCConfigurationList;
			buildConfigurations = (
				834273101F649216001694AB /* Debug */,
				834273111F649216001694AB /* Release */,
			);
			defaultConfigurationIsVisible = 0;
			defaultConfigurationName = Release;
		};
		834273121F649216001694AB /* Build configuration list for PBXNativeTarget "TrashPanda" */ = {
			isa = XCConfigurationList;
			buildConfigurations = (
				834273131F649216001694AB /* Debug */,
				834273141F649216001694AB /* Release */,
			);
			defaultConfigurationIsVisible = 0;
			defaultConfigurationName = Release;
		};
/* End XCConfigurationList section */
	};
	rootObject = 834272F81F649216001694AB /* Project object */;
}
